{
  "name": "manageproductslist",
  "version": "1.0.0",
  "lockfileVersion": 1,
  "requires": true,
  "dependencies": {
    "bankers": {
      "version": "1.0.5",
      "resolved": "https://registry.npmjs.org/bankers/-/bankers-1.0.5.tgz",
      "integrity": "sha512-gk/25z11RtLka83DbES20NusvNWj70joK6bWeC/Y5KoCzycE63DWeUl6K78qMBHBl3YhuYq5B6Cd4aqmvrRXlQ==",
      "requires": {
        "komalecommerce": "^1.0.0"
      }
    },
    "ecommerceuserlist": {
      "version": "1.0.0",
      "resolved": "https://registry.npmjs.org/ecommerceuserlist/-/ecommerceuserlist-1.0.0.tgz",
      "integrity": "sha512-wpB5z8k/XCvlIx92qDeykgy1jazYHfcHwOsBiVHP04zRXoPA4+dG0Uz4m0Tf4d+Kvq6upQh3nGZizCdY5BE6NQ=="
    },
    "komalecommerce": {
      "version": "1.0.1",
      "resolved": "https://registry.npmjs.org/komalecommerce/-/komalecommerce-1.0.1.tgz",
      "integrity": "sha512-jsUAiL13JhRRD9hTOJjop7a8E1jMJ2ckyuZrtppqRD4f35KZPU1LY7TwKPwV7oy+dcGwbHPFGUd/ljyUe/m9aQ==",
      "requires": {
        "sandeeptest": "^1.1.0"
      }
    },
    "sandeeptest": {
      "version": "1.1.0",
      "resolved": "https://registry.npmjs.org/sandeeptest/-/sandeeptest-1.1.0.tgz",
      "integrity": "sha512-f+nClI7uvIkbP+rFTvUlfbM6XCyVEVwNwTjwL0o3fxSXrBDzRD8sp1e3EOtDMqn7YXsfS1RKmAcZlC5V5zj9Kw==",
      "requires": {
        "shiva_project": "^1.0.0"
      }
    },
    "shiva_project": {
      "version": "1.0.0",
      "resolved": "https://registry.npmjs.org/shiva_project/-/shiva_project-1.0.0.tgz",
      "integrity": "sha512-s8w6Il8Bn+2dWXAPL/c91IuZLD2Ns4NhHPZQAtlLJEFCR8bIEOlw5TJvdjyT4MFnZB1EdRGj1xofbJ09DUNszw=="
    },
    "suppliers": {
      "version": "1.0.1",
      "resolved": "https://registry.npmjs.org/suppliers/-/suppliers-1.0.1.tgz",
      "integrity": "sha512-21gtt3H7hGnAzqXDDfvweEFki0MX61+xXQS1JWVz1deXSBuG0/MnJVFJ+V3w9zrbfMTlSoe8rR8aUlacjqVgzw==",
      "requires": {
        "shiva_project": "^1.0.0"
      }
    },
    "underscore": {
      "version": "1.9.1",
      "resolved": "https://registry.npmjs.org/underscore/-/underscore-1.9.1.tgz",
      "integrity": "sha512-5/4etnCkd9c8gwgowi5/om/mYO5ajCaOgdzj/oW+0eQV9WxKBDZw5+ycmKmeaTXjInS/W0BzpGLo2xR2aBwZdg=="
    }
  }
}
